
Microsoft Visual Studio Solution File, Format Version 12.00
# Visual Studio 15
VisualStudioVersion = 15.0.27130.2027
MinimumVisualStudioVersion = 10.0.40219.1
Project("{FAE04EC0-301F-11D3-BF4B-00C04F79EFBC}") = "trump-russia", "trump-russia\trump-russia.csproj", "{003438CB-9927-4B60-8664-B9D43098A70D}"
EndProject
Project("{2150E333-8FDC-42A3-9474-1A3956D46DE8}") = "Solution Items", "Solution Items", "{F21FBF26-048B-438A-9319-85B214344336}"
	ProjectSection(SolutionItems) = preProject
		TimelineJs.cs = TimelineJs.cs
	EndProjectSection
EndProject
Global
	GlobalSection(SolutionConfigurationPlatforms) = preSolution
		Debug|Any CPU = Debug|Any CPU
		Release|Any CPU = Release|Any CPU
	EndGlobalSection
	GlobalSection(ProjectConfigurationPlatforms) = postSolution
		{003438CB-9927-4B60-8664-B9D43098A70D}.Debug|Any CPU.ActiveCfg = Debug|Any CPU
		{003438CB-9927-4B60-8664-B9D43098A70D}.Debug|Any CPU.Build.0 = Debug|Any CPU
		{003438CB-9927-4B60-8664-B9D43098A70D}.Release|Any CPU.ActiveCfg = Release|Any CPU
		{003438CB-9927-4B60-8664-B9D43098A70D}.Release|Any CPU.Build.0 = Release|Any CPU
	EndGlobalSection
	GlobalSection(SolutionProperties) = preSolution
		HideSolutionNode = FALSE
	EndGlobalSection
	GlobalSection(ExtensibilityGlobals) = postSolution
		SolutionGuid = {6F24E91D-382F-4E3E-AE25-102AD795F9E8}
	EndGlobalSection
EndGlobal
